
Microsoft Visual Studio Solution File, Format Version 12.00
# Visual Studio Version 16
VisualStudioVersion = 16.0.32228.343
MinimumVisualStudioVersion = 10.0.40219.1
Project("{FAE04EC0-301F-11D3-BF4B-00C04F79EFBC}") = "Domain", "Domain\Domain.csproj", "{A73913DF-4834-459C-B0F8-A9FBE5418D15}"
EndProject
Project("{FAE04EC0-301F-11D3-BF4B-00C04F79EFBC}") = "WebUI", "WebUl\WebUI.csproj", "{0BEA2286-7265-46AA-919E-29A5F1CF7E7E}"
EndProject
Project("{FAE04EC0-301F-11D3-BF4B-00C04F79EFBC}") = "UnitTests", "UnitTests\UnitTests.csproj", "{C6D56C49-18B6-451A-B7FC-C789B5E0A9ED}"
EndProject
Global
	GlobalSection(SolutionConfigurationPlatforms) = preSolution
		Debug|Any CPU = Debug|Any CPU
		Release|Any CPU = Release|Any CPU
	EndGlobalSection
	GlobalSection(ProjectConfigurationPlatforms) = postSolution
		{A73913DF-4834-459C-B0F8-A9FBE5418D15}.Debug|Any CPU.ActiveCfg = Debug|Any CPU
		{A73913DF-4834-459C-B0F8-A9FBE5418D15}.Debug|Any CPU.Build.0 = Debug|Any CPU
		{A73913DF-4834-459C-B0F8-A9FBE5418D15}.Release|Any CPU.ActiveCfg = Release|Any CPU
		{A73913DF-4834-459C-B0F8-A9FBE5418D15}.Release|Any CPU.Build.0 = Release|Any CPU
		{0BEA2286-7265-46AA-919E-29A5F1CF7E7E}.Debug|Any CPU.ActiveCfg = Debug|Any CPU
		{0BEA2286-7265-46AA-919E-29A5F1CF7E7E}.Debug|Any CPU.Build.0 = Debug|Any CPU
		{0BEA2286-7265-46AA-919E-29A5F1CF7E7E}.Release|Any CPU.ActiveCfg = Release|Any CPU
		{0BEA2286-7265-46AA-919E-29A5F1CF7E7E}.Release|Any CPU.Build.0 = Release|Any CPU
		{C6D56C49-18B6-451A-B7FC-C789B5E0A9ED}.Debug|Any CPU.ActiveCfg = Debug|Any CPU
		{C6D56C49-18B6-451A-B7FC-C789B5E0A9ED}.Debug|Any CPU.Build.0 = Debug|Any CPU
		{C6D56C49-18B6-451A-B7FC-C789B5E0A9ED}.Release|Any CPU.ActiveCfg = Release|Any CPU
		{C6D56C49-18B6-451A-B7FC-C789B5E0A9ED}.Release|Any CPU.Build.0 = Release|Any CPU
	EndGlobalSection
	GlobalSection(SolutionProperties) = preSolution
		HideSolutionNode = FALSE
	EndGlobalSection
	GlobalSection(ExtensibilityGlobals) = postSolution
		SolutionGuid = {2F61F4B1-535E-41F1-A4E3-821EBB24D8E1}
	EndGlobalSection
EndGlobal
